
Microsoft Visual Studio Solution File, Format Version 12.00
# Visual Studio 15
VisualStudioVersion = 15.0.27004.2009
MinimumVisualStudioVersion = 10.0.40219.1
Project("{8BC9CEB8-8B4A-11D0-8D11-00A0C91BC942}") = "AdventOfCodeCPlusPlus", "AdventOfCodeCPlusPlus\AdventOfCodeCPlusPlus.vcxproj", "{716FCFB1-691E-4C05-8DA9-3255B8EAFDE8}"
EndProject
Project("{8BC9CEB8-8B4A-11D0-8D11-00A0C91BC942}") = "AdventOfCodeCPlusPlus.Tests", "AdventOfCodeCPlusPlus.Tests\AdventOfCodeCPlusPlus.Tests.vcxproj", "{3AC36E91-DF40-496F-A407-B23E061A2C62}"
EndProject
Global
	GlobalSection(SolutionConfigurationPlatforms) = preSolution
		Debug|x64 = Debug|x64
		Debug|x86 = Debug|x86
		Release|x64 = Release|x64
		Release|x86 = Release|x86
	EndGlobalSection
	GlobalSection(ProjectConfigurationPlatforms) = postSolution
		{716FCFB1-691E-4C05-8DA9-3255B8EAFDE8}.Debug|x64.ActiveCfg = Debug|x64
		{716FCFB1-691E-4C05-8DA9-3255B8EAFDE8}.Debug|x64.Build.0 = Debug|x64
		{716FCFB1-691E-4C05-8DA9-3255B8EAFDE8}.Debug|x86.ActiveCfg = Debug|Win32
		{716FCFB1-691E-4C05-8DA9-3255B8EAFDE8}.Debug|x86.Build.0 = Debug|Win32
		{716FCFB1-691E-4C05-8DA9-3255B8EAFDE8}.Release|x64.ActiveCfg = Release|x64
		{716FCFB1-691E-4C05-8DA9-3255B8EAFDE8}.Release|x64.Build.0 = Release|x64
		{716FCFB1-691E-4C05-8DA9-3255B8EAFDE8}.Release|x86.ActiveCfg = Release|Win32
		{716FCFB1-691E-4C05-8DA9-3255B8EAFDE8}.Release|x86.Build.0 = Release|Win32
		{3AC36E91-DF40-496F-A407-B23E061A2C62}.Debug|x64.ActiveCfg = Debug|x64
		{3AC36E91-DF40-496F-A407-B23E061A2C62}.Debug|x64.Build.0 = Debug|x64
		{3AC36E91-DF40-496F-A407-B23E061A2C62}.Debug|x86.ActiveCfg = Debug|Win32
		{3AC36E91-DF40-496F-A407-B23E061A2C62}.Debug|x86.Build.0 = Debug|Win32
		{3AC36E91-DF40-496F-A407-B23E061A2C62}.Release|x64.ActiveCfg = Release|x64
		{3AC36E91-DF40-496F-A407-B23E061A2C62}.Release|x64.Build.0 = Release|x64
		{3AC36E91-DF40-496F-A407-B23E061A2C62}.Release|x86.ActiveCfg = Release|Win32
		{3AC36E91-DF40-496F-A407-B23E061A2C62}.Release|x86.Build.0 = Release|Win32
	EndGlobalSection
	GlobalSection(SolutionProperties) = preSolution
		HideSolutionNode = FALSE
	EndGlobalSection
	GlobalSection(ExtensibilityGlobals) = postSolution
		SolutionGuid = {D516BC72-130A-4CF4-AFEC-F6D6227430CB}
	EndGlobalSection
EndGlobal
